{
    "_readme": [
        "This file locks the dependencies of your project to a known state",
        "Read more about it at https://getcomposer.org/doc/01-basic-usage.md#installing-dependencies",
        "This file is @generated automatically"
    ],
    "content-hash": "36f6795bf889bb57f6add297f75a2668",
    "packages": [
        {
            "name": "lion-framework/lion-request",
            "version": "v5.1",
            "source": {
                "type": "git",
                "url": "https://github.com/Sleon4/Lion-Request.git",
                "reference": "dd243063b6d837cca4433a11badb8244c9afb0ef"
            },
            "dist": {
                "type": "zip",
                "url": "https://api.github.com/repos/Sleon4/Lion-Request/zipball/dd243063b6d837cca4433a11badb8244c9afb0ef",
                "reference": "dd243063b6d837cca4433a11badb8244c9afb0ef",
                "shasum": ""
            },
            "require": {
                "php": ">=8.1"
            },
            "type": "library",
            "autoload": {
                "psr-4": {
                    "LionRequest\\": "src/LionRequest/"
                }
            },
            "notification-url": "https://packagist.org/downloads/",
            "license": [
                "MIT"
            ],
            "authors": [
                {
                    "name": "Sergio León",
                    "email": "sergioleon4004@hotmail.com"
                }
            ],
            "description": "Library created to request input data and response requests",
            "support": {
                "issues": "https://github.com/Sleon4/Lion-Request/issues",
                "source": "https://github.com/Sleon4/Lion-Request/tree/v5.1"
            },
            "time": "2022-08-15T16:14:17+00:00"
        }
    ],
    "packages-dev": [],
    "aliases": [],
    "minimum-stability": "stable",
    "stability-flags": [],
    "prefer-stable": false,
    "prefer-lowest": false,
    "platform": {
        "php": ">=8.1"
    },
    "platform-dev": [],
    "plugin-api-version": "2.3.0"
}
