{
    "_readme": [
        "This file locks the dependencies of your project to a known state",
        "Read more about it at https://getcomposer.org/doc/01-basic-usage.md#installing-dependencies",
        "This file is @generated automatically"
    ],
    "content-hash": "1bf7843f7349f13c29c98751cec625d1",
    "packages": [
        {
            "name": "lion/request",
            "version": "v5.3.0",
            "source": {
                "type": "git",
                "url": "https://github.com/Sleon4/Lion-Request.git",
                "reference": "0ccfb92ff684faca0376e5d41652b999f6881f84"
            },
            "dist": {
                "type": "zip",
                "url": "https://api.github.com/repos/Sleon4/Lion-Request/zipball/0ccfb92ff684faca0376e5d41652b999f6881f84",
                "reference": "0ccfb92ff684faca0376e5d41652b999f6881f84",
                "shasum": ""
            },
            "require": {
                "php": ">=8.1"
            },
            "type": "library",
            "autoload": {
                "psr-4": {
                    "LionRequest\\": "src/LionRequest/"
                }
            },
            "notification-url": "https://packagist.org/downloads/",
            "license": [
                "MIT"
            ],
            "authors": [
                {
                    "name": "Sergio León",
                    "email": "sergioleon4004@hotmail.com"
                }
            ],
            "description": "Library created to request input data and response requests",
            "support": {
                "issues": "https://github.com/Sleon4/Lion-Request/issues",
                "source": "https://github.com/Sleon4/Lion-Request/tree/v5.3.0"
            },
            "time": "2022-12-01T19:17:35+00:00"
        }
    ],
    "packages-dev": [],
    "aliases": [],
    "minimum-stability": "stable",
    "stability-flags": [],
    "prefer-stable": false,
    "prefer-lowest": false,
    "platform": {
        "php": ">=8.1"
    },
    "platform-dev": [],
    "plugin-api-version": "2.3.0"
}
